{
    "packages": [
        {
            "name": "psr/log",
            "version": "1.1.4",
            // ... other package details
        },
        {
            "name": "monolog/monolog",
            "version": "2.34.0",
            // ... other package details
        },
        // ... more packages (no comments!)
    ]
}
