{
    "_readme": [
        "This file locks the dependencies of your project to a known state.",
        "To update the dependencies, run composer update or composer install"
    ],
    "packages": [
        {
            "name": "monolog/monolog",
            "version": "2.9.0",
            "source": {
                "type": "git",
                "url": "https://github.com/Seldaek/monolog.git",
                "reference": "92702a050517f8976b88527a23253595679c322f"
            },
            "dist": {
                "type": "zip",
                "url": "https://api.github.com/repos/Seldaek/monolog/zipball/92702a050517f8976b88527a23253595679c322f",
                "reference": "92702a050517f8976b88527a23253595679c322f",
                "shasum": ""
            },
            "require": {
                "php": ">=7.2"
            },
            "provide": {
                "psr/log-implementation": "1.0.0"
            },
            "type": "library",
            "extra": {
                "branch-alias": {
                    "dev-main": "2.x-dev"
                }
            },
            "autoload": {
                "psr-4": {
                    "Monolog\\": "src/Monolog/"
                }
            },
            "notification-url": "https://packagist.org/downloads/",
            "license": [
                "MIT"
            ]
        },
        {
            "name": "psr/log",
            "version": "1.1.4",
            "source": {
                "type": "git",
                "url": "https://github.com/php-fig/log.git",
                "reference": "d9620f46efd627ed8c71b30349612735d5485455"
            },
            "dist": {
                "type": "zip",
                "url": "https://api.github.com/repos/php-fig/log/zipball/d9620f46efd627ed8c71b30349612735d5485455",
                "reference": "d9620f46efd627ed8c71b30349612735d5485455",
                "shasum": ""
            },
            "require": {
                "php": ">=5.3.0"
            },
            "type": "library",
            "autoload": {
                "psr-4": {
                    "Psr\\Log\\": "Psr/Log/"
                }
            },
            "notification-url": "https://packagist.org/downloads/",
            "license": [
                "MIT"
            ]
        }
    ],
    "packages-dev": [],
    "aliases": [],
    "minimum-stability": "stable",
    "prefer-stable": true,
    "prefer-lowest": false,
    "platform": {
        "php": "8.1.0"
    },
    "platform-dev": []
}
